
Microsoft Visual Studio Solution File, Format Version 12.00
# Visual Studio Version 17
VisualStudioVersion = 17.14.36623.8
MinimumVisualStudioVersion = 10.0.40219.1
Project("{FAE04EC0-301F-11D3-BF4B-00C04F79EFBC}") = "Serena", "Serena\Serena.csproj", "{096EB83A-D7CC-4F26-8763-20674F3C54E8}"
EndProject
Project("{FAE04EC0-301F-11D3-BF4B-00C04F79EFBC}") = "api-denuncia", "..\serena\backend\backend\api-denuncia\api-denuncia.csproj", "{82E7CC4F-EBC9-5BB9-252B-478405E4E0BB}"
EndProject
Project("{FAE04EC0-301F-11D3-BF4B-00C04F79EFBC}") = "api-gateway", "..\serena\backend\backend\api-gateway\api-gateway.csproj", "{DBD78FB4-6B74-F2E1-F784-3BC6C920A961}"
EndProject
Project("{FAE04EC0-301F-11D3-BF4B-00C04F79EFBC}") = "DominioDenuncia", "..\serena\backend\backend\DominioDenuncia\DominioDenuncia.csproj", "{DF9C49ED-D55E-8D44-47D0-FAE991FB6E6F}"
EndProject
Project("{FAE04EC0-301F-11D3-BF4B-00C04F79EFBC}") = "InfrastructureDenuncia", "..\serena\backend\backend\InfrastructureDenuncia\InfrastructureDenuncia.csproj", "{BEC368EE-4520-4BD3-D973-179C22A183E1}"
EndProject
Project("{FAE04EC0-301F-11D3-BF4B-00C04F79EFBC}") = "InfrastructureGeneric", "..\serena\backend\backend\InfrastructureGeneric\InfrastructureGeneric.csproj", "{4C33A248-0EAB-C77C-A862-66146F4430DE}"
EndProject
Project("{FAE04EC0-301F-11D3-BF4B-00C04F79EFBC}") = "ServiceDenuncia", "..\serena\backend\backend\ServiceDenuncia\ServiceDenuncia.csproj", "{AC05C3CA-8EFD-452D-61C4-CDFDD31B5D00}"
EndProject
Project("{FAE04EC0-301F-11D3-BF4B-00C04F79EFBC}") = "api-user", "..\serena\backend\api-user\api-user\api-user.csproj", "{2A41535C-7FAF-F836-B417-4CB2185A8B54}"
EndProject
Project("{FAE04EC0-301F-11D3-BF4B-00C04F79EFBC}") = "DominioUser", "..\serena\backend\api-user\Dominio\DominioUser.csproj", "{71131636-D0AF-5037-EEF2-A2B25F8E2F15}"
EndProject
Project("{FAE04EC0-301F-11D3-BF4B-00C04F79EFBC}") = "InfrastructureUser", "..\serena\backend\api-user\InfrastructureUser\InfrastructureUser.csproj", "{8A83F518-D306-DD0C-BAF3-79509AB748E2}"
EndProject
Project("{FAE04EC0-301F-11D3-BF4B-00C04F79EFBC}") = "ServiceUser", "..\serena\backend\api-user\ServiceUser\ServiceUser.csproj", "{50B8C204-F7EA-B4EA-6F2E-67C6B04FC896}"
EndProject
Global
	GlobalSection(SolutionConfigurationPlatforms) = preSolution
		Debug|Any CPU = Debug|Any CPU
		Release|Any CPU = Release|Any CPU
	EndGlobalSection
	GlobalSection(ProjectConfigurationPlatforms) = postSolution
		{096EB83A-D7CC-4F26-8763-20674F3C54E8}.Debug|Any CPU.ActiveCfg = Debug|Any CPU
		{096EB83A-D7CC-4F26-8763-20674F3C54E8}.Debug|Any CPU.Build.0 = Debug|Any CPU
		{096EB83A-D7CC-4F26-8763-20674F3C54E8}.Release|Any CPU.ActiveCfg = Release|Any CPU
		{096EB83A-D7CC-4F26-8763-20674F3C54E8}.Release|Any CPU.Build.0 = Release|Any CPU
		{82E7CC4F-EBC9-5BB9-252B-478405E4E0BB}.Debug|Any CPU.ActiveCfg = Debug|Any CPU
		{82E7CC4F-EBC9-5BB9-252B-478405E4E0BB}.Debug|Any CPU.Build.0 = Debug|Any CPU
		{82E7CC4F-EBC9-5BB9-252B-478405E4E0BB}.Release|Any CPU.ActiveCfg = Release|Any CPU
		{82E7CC4F-EBC9-5BB9-252B-478405E4E0BB}.Release|Any CPU.Build.0 = Release|Any CPU
		{DBD78FB4-6B74-F2E1-F784-3BC6C920A961}.Debug|Any CPU.ActiveCfg = Debug|Any CPU
		{DBD78FB4-6B74-F2E1-F784-3BC6C920A961}.Debug|Any CPU.Build.0 = Debug|Any CPU
		{DBD78FB4-6B74-F2E1-F784-3BC6C920A961}.Release|Any CPU.ActiveCfg = Release|Any CPU
		{DBD78FB4-6B74-F2E1-F784-3BC6C920A961}.Release|Any CPU.Build.0 = Release|Any CPU
		{DF9C49ED-D55E-8D44-47D0-FAE991FB6E6F}.Debug|Any CPU.ActiveCfg = Debug|Any CPU
		{DF9C49ED-D55E-8D44-47D0-FAE991FB6E6F}.Debug|Any CPU.Build.0 = Debug|Any CPU
		{DF9C49ED-D55E-8D44-47D0-FAE991FB6E6F}.Release|Any CPU.ActiveCfg = Release|Any CPU
		{DF9C49ED-D55E-8D44-47D0-FAE991FB6E6F}.Release|Any CPU.Build.0 = Release|Any CPU
		{BEC368EE-4520-4BD3-D973-179C22A183E1}.Debug|Any CPU.ActiveCfg = Debug|Any CPU
		{BEC368EE-4520-4BD3-D973-179C22A183E1}.Debug|Any CPU.Build.0 = Debug|Any CPU
		{BEC368EE-4520-4BD3-D973-179C22A183E1}.Release|Any CPU.ActiveCfg = Release|Any CPU
		{BEC368EE-4520-4BD3-D973-179C22A183E1}.Release|Any CPU.Build.0 = Release|Any CPU
		{4C33A248-0EAB-C77C-A862-66146F4430DE}.Debug|Any CPU.ActiveCfg = Debug|Any CPU
		{4C33A248-0EAB-C77C-A862-66146F4430DE}.Debug|Any CPU.Build.0 = Debug|Any CPU
		{4C33A248-0EAB-C77C-A862-66146F4430DE}.Release|Any CPU.ActiveCfg = Release|Any CPU
		{4C33A248-0EAB-C77C-A862-66146F4430DE}.Release|Any CPU.Build.0 = Release|Any CPU
		{AC05C3CA-8EFD-452D-61C4-CDFDD31B5D00}.Debug|Any CPU.ActiveCfg = Debug|Any CPU
		{AC05C3CA-8EFD-452D-61C4-CDFDD31B5D00}.Debug|Any CPU.Build.0 = Debug|Any CPU
		{AC05C3CA-8EFD-452D-61C4-CDFDD31B5D00}.Release|Any CPU.ActiveCfg = Release|Any CPU
		{AC05C3CA-8EFD-452D-61C4-CDFDD31B5D00}.Release|Any CPU.Build.0 = Release|Any CPU
		{2A41535C-7FAF-F836-B417-4CB2185A8B54}.Debug|Any CPU.ActiveCfg = Debug|Any CPU
		{2A41535C-7FAF-F836-B417-4CB2185A8B54}.Debug|Any CPU.Build.0 = Debug|Any CPU
		{2A41535C-7FAF-F836-B417-4CB2185A8B54}.Release|Any CPU.ActiveCfg = Release|Any CPU
		{2A41535C-7FAF-F836-B417-4CB2185A8B54}.Release|Any CPU.Build.0 = Release|Any CPU
		{71131636-D0AF-5037-EEF2-A2B25F8E2F15}.Debug|Any CPU.ActiveCfg = Debug|Any CPU
		{71131636-D0AF-5037-EEF2-A2B25F8E2F15}.Debug|Any CPU.Build.0 = Debug|Any CPU
		{71131636-D0AF-5037-EEF2-A2B25F8E2F15}.Release|Any CPU.ActiveCfg = Release|Any CPU
		{71131636-D0AF-5037-EEF2-A2B25F8E2F15}.Release|Any CPU.Build.0 = Release|Any CPU
		{8A83F518-D306-DD0C-BAF3-79509AB748E2}.Debug|Any CPU.ActiveCfg = Debug|Any CPU
		{8A83F518-D306-DD0C-BAF3-79509AB748E2}.Debug|Any CPU.Build.0 = Debug|Any CPU
		{8A83F518-D306-DD0C-BAF3-79509AB748E2}.Release|Any CPU.ActiveCfg = Release|Any CPU
		{8A83F518-D306-DD0C-BAF3-79509AB748E2}.Release|Any CPU.Build.0 = Release|Any CPU
		{50B8C204-F7EA-B4EA-6F2E-67C6B04FC896}.Debug|Any CPU.ActiveCfg = Debug|Any CPU
		{50B8C204-F7EA-B4EA-6F2E-67C6B04FC896}.Debug|Any CPU.Build.0 = Debug|Any CPU
		{50B8C204-F7EA-B4EA-6F2E-67C6B04FC896}.Release|Any CPU.ActiveCfg = Release|Any CPU
		{50B8C204-F7EA-B4EA-6F2E-67C6B04FC896}.Release|Any CPU.Build.0 = Release|Any CPU
	EndGlobalSection
	GlobalSection(SolutionProperties) = preSolution
		HideSolutionNode = FALSE
	EndGlobalSection
	GlobalSection(ExtensibilityGlobals) = postSolution
		SolutionGuid = {6DAB2C1C-DA64-4BFD-AB0A-DA7514DFB975}
	EndGlobalSection
EndGlobal
